
Microsoft Visual Studio Solution File, Format Version 12.00
# Visual Studio Version 17
VisualStudioVersion = 17.11.35327.3
MinimumVisualStudioVersion = 10.0.40219.1
Project("{8BC9CEB8-8B4A-11D0-8D11-00A0C91BC942}") = "Ch06-Box", "Ch06-Box\Ch06-Box.vcxproj", "{58216D5A-B422-40FD-9A0D-BFCB449781AF}"
EndProject
Project("{8BC9CEB8-8B4A-11D0-8D11-00A0C91BC942}") = "Ch07-Shapes", "Ch07-Shapes\Ch07-Shapes.vcxproj", "{CE830B03-69F0-43C2-AAA9-E0C32BED48B0}"
EndProject
Project("{8BC9CEB8-8B4A-11D0-8D11-00A0C91BC942}") = "Ch07-Land-Waves", "Ch07-Land-Waves\Ch07-Land-Waves.vcxproj", "{08F4F9A1-ABD4-4060-891F-28B206FB640A}"
EndProject
Project("{8BC9CEB8-8B4A-11D0-8D11-00A0C91BC942}") = "Ch08-Light-Waves", "Ch08-Light-Waves\Ch08-Light-Waves.vcxproj", "{F275BF4E-15E7-4511-ACED-069469AED224}"
EndProject
Project("{8BC9CEB8-8B4A-11D0-8D11-00A0C91BC942}") = "Ch09-Tex-Waves", "Ch09-Tex-Waves\Ch09-Tex-Waves.vcxproj", "{2F9AEF81-3913-4CC0-8E22-7BBC2694ACB9}"
EndProject
Project("{8BC9CEB8-8B4A-11D0-8D11-00A0C91BC942}") = "Ch10-Blend-Waves", "Ch10-Blend-Waves\Ch10-Blend-Waves.vcxproj", "{A3AB2D4A-95D4-424E-A914-5BE4328B79C8}"
EndProject
Project("{8BC9CEB8-8B4A-11D0-8D11-00A0C91BC942}") = "Ch11-Stencil", "Ch11-Stencil\Ch11-Stencil.vcxproj", "{98C92B13-C045-40C4-95B7-D2B6B54CCE7D}"
EndProject
Project("{8BC9CEB8-8B4A-11D0-8D11-00A0C91BC942}") = "Ch12-Trees", "Ch12-Trees\Ch12-Trees.vcxproj", "{2E20F3FF-12B5-4778-9257-D02CB02AE3F9}"
EndProject
Project("{8BC9CEB8-8B4A-11D0-8D11-00A0C91BC942}") = "Ch13-Sobel", "Ch13-Sobel\Ch13-Sobel.vcxproj", "{2C103F97-B57B-4318-80F6-CCB46672F718}"
EndProject
Project("{8BC9CEB8-8B4A-11D0-8D11-00A0C91BC942}") = "Ch14-Tessellation", "Ch14-Tessellation\Ch14-Tessellation.vcxproj", "{5462FE8D-5308-43E9-B6EE-C816025A8BDF}"
EndProject
Project("{8BC9CEB8-8B4A-11D0-8D11-00A0C91BC942}") = "Ch15-Camera", "Ch15-Camera\Ch15-Camera.vcxproj", "{956F2786-9AAE-4124-8B40-5E03C76BD5E9}"
EndProject
Project("{8BC9CEB8-8B4A-11D0-8D11-00A0C91BC942}") = "Ch16-Instance-Cull", "Ch16-Instance-Cull\Ch16-Instance-Cull.vcxproj", "{9CA5CE86-E54E-44F0-8210-AB2FD08D6551}"
EndProject
Project("{8BC9CEB8-8B4A-11D0-8D11-00A0C91BC942}") = "Ch17-Picking", "Ch17-Picking\Ch17-Picking.vcxproj", "{299FB6E4-FF3F-4983-BA9E-DEFA4760D3AF}"
EndProject
Project("{8BC9CEB8-8B4A-11D0-8D11-00A0C91BC942}") = "Ch18-TextureCube", "Ch18-TextureCube\Ch18-TextureCube.vcxproj", "{70184F47-F891-4D86-9993-0FA721AA1CBC}"
EndProject
Global
	GlobalSection(SolutionConfigurationPlatforms) = preSolution
		Debug|x64 = Debug|x64
		Debug|x86 = Debug|x86
		Release|x64 = Release|x64
		Release|x86 = Release|x86
	EndGlobalSection
	GlobalSection(ProjectConfigurationPlatforms) = postSolution
		{58216D5A-B422-40FD-9A0D-BFCB449781AF}.Debug|x64.ActiveCfg = Debug|x64
		{58216D5A-B422-40FD-9A0D-BFCB449781AF}.Debug|x64.Build.0 = Debug|x64
		{58216D5A-B422-40FD-9A0D-BFCB449781AF}.Debug|x86.ActiveCfg = Debug|Win32
		{58216D5A-B422-40FD-9A0D-BFCB449781AF}.Debug|x86.Build.0 = Debug|Win32
		{58216D5A-B422-40FD-9A0D-BFCB449781AF}.Release|x64.ActiveCfg = Release|x64
		{58216D5A-B422-40FD-9A0D-BFCB449781AF}.Release|x64.Build.0 = Release|x64
		{58216D5A-B422-40FD-9A0D-BFCB449781AF}.Release|x86.ActiveCfg = Release|Win32
		{58216D5A-B422-40FD-9A0D-BFCB449781AF}.Release|x86.Build.0 = Release|Win32
		{CE830B03-69F0-43C2-AAA9-E0C32BED48B0}.Debug|x64.ActiveCfg = Debug|x64
		{CE830B03-69F0-43C2-AAA9-E0C32BED48B0}.Debug|x64.Build.0 = Debug|x64
		{CE830B03-69F0-43C2-AAA9-E0C32BED48B0}.Debug|x86.ActiveCfg = Debug|Win32
		{CE830B03-69F0-43C2-AAA9-E0C32BED48B0}.Debug|x86.Build.0 = Debug|Win32
		{CE830B03-69F0-43C2-AAA9-E0C32BED48B0}.Release|x64.ActiveCfg = Release|x64
		{CE830B03-69F0-43C2-AAA9-E0C32BED48B0}.Release|x64.Build.0 = Release|x64
		{CE830B03-69F0-43C2-AAA9-E0C32BED48B0}.Release|x86.ActiveCfg = Release|Win32
		{CE830B03-69F0-43C2-AAA9-E0C32BED48B0}.Release|x86.Build.0 = Release|Win32
		{08F4F9A1-ABD4-4060-891F-28B206FB640A}.Debug|x64.ActiveCfg = Debug|x64
		{08F4F9A1-ABD4-4060-891F-28B206FB640A}.Debug|x64.Build.0 = Debug|x64
		{08F4F9A1-ABD4-4060-891F-28B206FB640A}.Debug|x86.ActiveCfg = Debug|Win32
		{08F4F9A1-ABD4-4060-891F-28B206FB640A}.Debug|x86.Build.0 = Debug|Win32
		{08F4F9A1-ABD4-4060-891F-28B206FB640A}.Release|x64.ActiveCfg = Release|x64
		{08F4F9A1-ABD4-4060-891F-28B206FB640A}.Release|x64.Build.0 = Release|x64
		{08F4F9A1-ABD4-4060-891F-28B206FB640A}.Release|x86.ActiveCfg = Release|Win32
		{08F4F9A1-ABD4-4060-891F-28B206FB640A}.Release|x86.Build.0 = Release|Win32
		{F275BF4E-15E7-4511-ACED-069469AED224}.Debug|x64.ActiveCfg = Debug|x64
		{F275BF4E-15E7-4511-ACED-069469AED224}.Debug|x64.Build.0 = Debug|x64
		{F275BF4E-15E7-4511-ACED-069469AED224}.Debug|x86.ActiveCfg = Debug|Win32
		{F275BF4E-15E7-4511-ACED-069469AED224}.Debug|x86.Build.0 = Debug|Win32
		{F275BF4E-15E7-4511-ACED-069469AED224}.Release|x64.ActiveCfg = Release|x64
		{F275BF4E-15E7-4511-ACED-069469AED224}.Release|x64.Build.0 = Release|x64
		{F275BF4E-15E7-4511-ACED-069469AED224}.Release|x86.ActiveCfg = Release|Win32
		{F275BF4E-15E7-4511-ACED-069469AED224}.Release|x86.Build.0 = Release|Win32
		{2F9AEF81-3913-4CC0-8E22-7BBC2694ACB9}.Debug|x64.ActiveCfg = Debug|x64
		{2F9AEF81-3913-4CC0-8E22-7BBC2694ACB9}.Debug|x64.Build.0 = Debug|x64
		{2F9AEF81-3913-4CC0-8E22-7BBC2694ACB9}.Debug|x86.ActiveCfg = Debug|Win32
		{2F9AEF81-3913-4CC0-8E22-7BBC2694ACB9}.Debug|x86.Build.0 = Debug|Win32
		{2F9AEF81-3913-4CC0-8E22-7BBC2694ACB9}.Release|x64.ActiveCfg = Release|x64
		{2F9AEF81-3913-4CC0-8E22-7BBC2694ACB9}.Release|x64.Build.0 = Release|x64
		{2F9AEF81-3913-4CC0-8E22-7BBC2694ACB9}.Release|x86.ActiveCfg = Release|Win32
		{2F9AEF81-3913-4CC0-8E22-7BBC2694ACB9}.Release|x86.Build.0 = Release|Win32
		{A3AB2D4A-95D4-424E-A914-5BE4328B79C8}.Debug|x64.ActiveCfg = Debug|x64
		{A3AB2D4A-95D4-424E-A914-5BE4328B79C8}.Debug|x64.Build.0 = Debug|x64
		{A3AB2D4A-95D4-424E-A914-5BE4328B79C8}.Debug|x86.ActiveCfg = Debug|Win32
		{A3AB2D4A-95D4-424E-A914-5BE4328B79C8}.Debug|x86.Build.0 = Debug|Win32
		{A3AB2D4A-95D4-424E-A914-5BE4328B79C8}.Release|x64.ActiveCfg = Release|x64
		{A3AB2D4A-95D4-424E-A914-5BE4328B79C8}.Release|x64.Build.0 = Release|x64
		{A3AB2D4A-95D4-424E-A914-5BE4328B79C8}.Release|x86.ActiveCfg = Release|Win32
		{A3AB2D4A-95D4-424E-A914-5BE4328B79C8}.Release|x86.Build.0 = Release|Win32
		{98C92B13-C045-40C4-95B7-D2B6B54CCE7D}.Debug|x64.ActiveCfg = Debug|x64
		{98C92B13-C045-40C4-95B7-D2B6B54CCE7D}.Debug|x64.Build.0 = Debug|x64
		{98C92B13-C045-40C4-95B7-D2B6B54CCE7D}.Debug|x86.ActiveCfg = Debug|Win32
		{98C92B13-C045-40C4-95B7-D2B6B54CCE7D}.Debug|x86.Build.0 = Debug|Win32
		{98C92B13-C045-40C4-95B7-D2B6B54CCE7D}.Release|x64.ActiveCfg = Release|x64
		{98C92B13-C045-40C4-95B7-D2B6B54CCE7D}.Release|x64.Build.0 = Release|x64
		{98C92B13-C045-40C4-95B7-D2B6B54CCE7D}.Release|x86.ActiveCfg = Release|Win32
		{98C92B13-C045-40C4-95B7-D2B6B54CCE7D}.Release|x86.Build.0 = Release|Win32
		{2E20F3FF-12B5-4778-9257-D02CB02AE3F9}.Debug|x64.ActiveCfg = Debug|x64
		{2E20F3FF-12B5-4778-9257-D02CB02AE3F9}.Debug|x64.Build.0 = Debug|x64
		{2E20F3FF-12B5-4778-9257-D02CB02AE3F9}.Debug|x86.ActiveCfg = Debug|Win32
		{2E20F3FF-12B5-4778-9257-D02CB02AE3F9}.Debug|x86.Build.0 = Debug|Win32
		{2E20F3FF-12B5-4778-9257-D02CB02AE3F9}.Release|x64.ActiveCfg = Release|x64
		{2E20F3FF-12B5-4778-9257-D02CB02AE3F9}.Release|x64.Build.0 = Release|x64
		{2E20F3FF-12B5-4778-9257-D02CB02AE3F9}.Release|x86.ActiveCfg = Release|Win32
		{2E20F3FF-12B5-4778-9257-D02CB02AE3F9}.Release|x86.Build.0 = Release|Win32
		{2C103F97-B57B-4318-80F6-CCB46672F718}.Debug|x64.ActiveCfg = Debug|x64
		{2C103F97-B57B-4318-80F6-CCB46672F718}.Debug|x64.Build.0 = Debug|x64
		{2C103F97-B57B-4318-80F6-CCB46672F718}.Debug|x86.ActiveCfg = Debug|Win32
		{2C103F97-B57B-4318-80F6-CCB46672F718}.Debug|x86.Build.0 = Debug|Win32
		{2C103F97-B57B-4318-80F6-CCB46672F718}.Release|x64.ActiveCfg = Release|x64
		{2C103F97-B57B-4318-80F6-CCB46672F718}.Release|x64.Build.0 = Release|x64
		{2C103F97-B57B-4318-80F6-CCB46672F718}.Release|x86.ActiveCfg = Release|Win32
		{2C103F97-B57B-4318-80F6-CCB46672F718}.Release|x86.Build.0 = Release|Win32
		{5462FE8D-5308-43E9-B6EE-C816025A8BDF}.Debug|x64.ActiveCfg = Debug|x64
		{5462FE8D-5308-43E9-B6EE-C816025A8BDF}.Debug|x64.Build.0 = Debug|x64
		{5462FE8D-5308-43E9-B6EE-C816025A8BDF}.Debug|x86.ActiveCfg = Debug|Win32
		{5462FE8D-5308-43E9-B6EE-C816025A8BDF}.Debug|x86.Build.0 = Debug|Win32
		{5462FE8D-5308-43E9-B6EE-C816025A8BDF}.Release|x64.ActiveCfg = Release|x64
		{5462FE8D-5308-43E9-B6EE-C816025A8BDF}.Release|x64.Build.0 = Release|x64
		{5462FE8D-5308-43E9-B6EE-C816025A8BDF}.Release|x86.ActiveCfg = Release|Win32
		{5462FE8D-5308-43E9-B6EE-C816025A8BDF}.Release|x86.Build.0 = Release|Win32
		{956F2786-9AAE-4124-8B40-5E03C76BD5E9}.Debug|x64.ActiveCfg = Debug|x64
		{956F2786-9AAE-4124-8B40-5E03C76BD5E9}.Debug|x64.Build.0 = Debug|x64
		{956F2786-9AAE-4124-8B40-5E03C76BD5E9}.Debug|x86.ActiveCfg = Debug|Win32
		{956F2786-9AAE-4124-8B40-5E03C76BD5E9}.Debug|x86.Build.0 = Debug|Win32
		{956F2786-9AAE-4124-8B40-5E03C76BD5E9}.Release|x64.ActiveCfg = Release|x64
		{956F2786-9AAE-4124-8B40-5E03C76BD5E9}.Release|x64.Build.0 = Release|x64
		{956F2786-9AAE-4124-8B40-5E03C76BD5E9}.Release|x86.ActiveCfg = Release|Win32
		{956F2786-9AAE-4124-8B40-5E03C76BD5E9}.Release|x86.Build.0 = Release|Win32
		{9CA5CE86-E54E-44F0-8210-AB2FD08D6551}.Debug|x64.ActiveCfg = Debug|x64
		{9CA5CE86-E54E-44F0-8210-AB2FD08D6551}.Debug|x64.Build.0 = Debug|x64
		{9CA5CE86-E54E-44F0-8210-AB2FD08D6551}.Debug|x86.ActiveCfg = Debug|Win32
		{9CA5CE86-E54E-44F0-8210-AB2FD08D6551}.Debug|x86.Build.0 = Debug|Win32
		{9CA5CE86-E54E-44F0-8210-AB2FD08D6551}.Release|x64.ActiveCfg = Release|x64
		{9CA5CE86-E54E-44F0-8210-AB2FD08D6551}.Release|x64.Build.0 = Release|x64
		{9CA5CE86-E54E-44F0-8210-AB2FD08D6551}.Release|x86.ActiveCfg = Release|Win32
		{9CA5CE86-E54E-44F0-8210-AB2FD08D6551}.Release|x86.Build.0 = Release|Win32
		{299FB6E4-FF3F-4983-BA9E-DEFA4760D3AF}.Debug|x64.ActiveCfg = Debug|x64
		{299FB6E4-FF3F-4983-BA9E-DEFA4760D3AF}.Debug|x64.Build.0 = Debug|x64
		{299FB6E4-FF3F-4983-BA9E-DEFA4760D3AF}.Debug|x86.ActiveCfg = Debug|Win32
		{299FB6E4-FF3F-4983-BA9E-DEFA4760D3AF}.Debug|x86.Build.0 = Debug|Win32
		{299FB6E4-FF3F-4983-BA9E-DEFA4760D3AF}.Release|x64.ActiveCfg = Release|x64
		{299FB6E4-FF3F-4983-BA9E-DEFA4760D3AF}.Release|x64.Build.0 = Release|x64
		{299FB6E4-FF3F-4983-BA9E-DEFA4760D3AF}.Release|x86.ActiveCfg = Release|Win32
		{299FB6E4-FF3F-4983-BA9E-DEFA4760D3AF}.Release|x86.Build.0 = Release|Win32
		{70184F47-F891-4D86-9993-0FA721AA1CBC}.Debug|x64.ActiveCfg = Debug|x64
		{70184F47-F891-4D86-9993-0FA721AA1CBC}.Debug|x64.Build.0 = Debug|x64
		{70184F47-F891-4D86-9993-0FA721AA1CBC}.Debug|x86.ActiveCfg = Debug|Win32
		{70184F47-F891-4D86-9993-0FA721AA1CBC}.Debug|x86.Build.0 = Debug|Win32
		{70184F47-F891-4D86-9993-0FA721AA1CBC}.Release|x64.ActiveCfg = Release|x64
		{70184F47-F891-4D86-9993-0FA721AA1CBC}.Release|x64.Build.0 = Release|x64
		{70184F47-F891-4D86-9993-0FA721AA1CBC}.Release|x86.ActiveCfg = Release|Win32
		{70184F47-F891-4D86-9993-0FA721AA1CBC}.Release|x86.Build.0 = Release|Win32
	EndGlobalSection
	GlobalSection(SolutionProperties) = preSolution
		HideSolutionNode = FALSE
	EndGlobalSection
	GlobalSection(ExtensibilityGlobals) = postSolution
		SolutionGuid = {BC40ABE6-38B4-498E-AFA1-72FC4B3AA6FE}
	EndGlobalSection
EndGlobal
